
Microsoft Visual Studio Solution File, Format Version 12.00
Project("{FAE04EC0-301F-11D3-BF4B-00C04F79EFBC}") = "Problem - 110A - A. Nearly Lucky Number", "Problem - 110A - A. Nearly Lucky Number\Problem - 110A - A. Nearly Lucky Number.csproj", "{2CF32254-615F-489B-AAAB-66CBAB1092DE}"
EndProject
Global
	GlobalSection(SolutionConfigurationPlatforms) = preSolution
		Debug|Any CPU = Debug|Any CPU
		Release|Any CPU = Release|Any CPU
	EndGlobalSection
	GlobalSection(ProjectConfigurationPlatforms) = postSolution
		{2CF32254-615F-489B-AAAB-66CBAB1092DE}.Debug|Any CPU.ActiveCfg = Debug|Any CPU
		{2CF32254-615F-489B-AAAB-66CBAB1092DE}.Debug|Any CPU.Build.0 = Debug|Any CPU
		{2CF32254-615F-489B-AAAB-66CBAB1092DE}.Release|Any CPU.ActiveCfg = Release|Any CPU
		{2CF32254-615F-489B-AAAB-66CBAB1092DE}.Release|Any CPU.Build.0 = Release|Any CPU
	EndGlobalSection
EndGlobal
