
Microsoft Visual Studio Solution File, Format Version 12.00
# Visual Studio Version 17
VisualStudioVersion = 17.3.32901.215
MinimumVisualStudioVersion = 10.0.40219.1
Project("{FAE04EC0-301F-11D3-BF4B-00C04F79EFBC}") = "A. Vus the Cossack and a Contest - 1186A", "A. Vus the Cossack and a Contest - 1186A\A. Vus the Cossack and a Contest - 1186A.csproj", "{A67AF0AB-12FE-481C-A0E9-032EE61A8792}"
EndProject
Global
	GlobalSection(SolutionConfigurationPlatforms) = preSolution
		Debug|Any CPU = Debug|Any CPU
		Release|Any CPU = Release|Any CPU
	EndGlobalSection
	GlobalSection(ProjectConfigurationPlatforms) = postSolution
		{A67AF0AB-12FE-481C-A0E9-032EE61A8792}.Debug|Any CPU.ActiveCfg = Debug|Any CPU
		{A67AF0AB-12FE-481C-A0E9-032EE61A8792}.Debug|Any CPU.Build.0 = Debug|Any CPU
		{A67AF0AB-12FE-481C-A0E9-032EE61A8792}.Release|Any CPU.ActiveCfg = Release|Any CPU
		{A67AF0AB-12FE-481C-A0E9-032EE61A8792}.Release|Any CPU.Build.0 = Release|Any CPU
	EndGlobalSection
	GlobalSection(SolutionProperties) = preSolution
		HideSolutionNode = FALSE
	EndGlobalSection
	GlobalSection(ExtensibilityGlobals) = postSolution
		SolutionGuid = {C21ED058-C409-4AA9-A7C8-62DFBD797F24}
	EndGlobalSection
EndGlobal
