
Microsoft Visual Studio Solution File, Format Version 12.00
Project("{FAE04EC0-301F-11D3-BF4B-00C04F79EFBC}") = "Problem - 581A - A. Vasya the Hipster", "Problem - 581A - A. Vasya the Hipster\Problem - 581A - A. Vasya the Hipster.csproj", "{706A6E3D-F795-4442-8167-B6DE79D2466E}"
EndProject
Global
	GlobalSection(SolutionConfigurationPlatforms) = preSolution
		Debug|Any CPU = Debug|Any CPU
		Release|Any CPU = Release|Any CPU
	EndGlobalSection
	GlobalSection(ProjectConfigurationPlatforms) = postSolution
		{706A6E3D-F795-4442-8167-B6DE79D2466E}.Debug|Any CPU.ActiveCfg = Debug|Any CPU
		{706A6E3D-F795-4442-8167-B6DE79D2466E}.Debug|Any CPU.Build.0 = Debug|Any CPU
		{706A6E3D-F795-4442-8167-B6DE79D2466E}.Release|Any CPU.ActiveCfg = Release|Any CPU
		{706A6E3D-F795-4442-8167-B6DE79D2466E}.Release|Any CPU.Build.0 = Release|Any CPU
	EndGlobalSection
EndGlobal
