
Microsoft Visual Studio Solution File, Format Version 12.00
Project("{FAE04EC0-301F-11D3-BF4B-00C04F79EFBC}") = "Problem - 1207A - A. There Are Two Types Of Burgers", "Problem - 1207A - A. There Are Two Types Of Burgers\Problem - 1207A - A. There Are Two Types Of Burgers.csproj", "{A76C03CF-10AA-458D-9C16-777FEDCAAB93}"
EndProject
Global
	GlobalSection(SolutionConfigurationPlatforms) = preSolution
		Debug|Any CPU = Debug|Any CPU
		Release|Any CPU = Release|Any CPU
	EndGlobalSection
	GlobalSection(ProjectConfigurationPlatforms) = postSolution
		{A76C03CF-10AA-458D-9C16-777FEDCAAB93}.Debug|Any CPU.ActiveCfg = Debug|Any CPU
		{A76C03CF-10AA-458D-9C16-777FEDCAAB93}.Debug|Any CPU.Build.0 = Debug|Any CPU
		{A76C03CF-10AA-458D-9C16-777FEDCAAB93}.Release|Any CPU.ActiveCfg = Release|Any CPU
		{A76C03CF-10AA-458D-9C16-777FEDCAAB93}.Release|Any CPU.Build.0 = Release|Any CPU
	EndGlobalSection
EndGlobal
