
Microsoft Visual Studio Solution File, Format Version 12.00
Project("{FAE04EC0-301F-11D3-BF4B-00C04F79EFBC}") = "Problem - 1230A - A. Dawid and Bags of Candies", "Problem - 1230A - A. Dawid and Bags of Candies\Problem - 1230A - A. Dawid and Bags of Candies.csproj", "{C1AB6597-F212-4DAB-9255-FFA8077F6D1A}"
EndProject
Global
	GlobalSection(SolutionConfigurationPlatforms) = preSolution
		Debug|Any CPU = Debug|Any CPU
		Release|Any CPU = Release|Any CPU
	EndGlobalSection
	GlobalSection(ProjectConfigurationPlatforms) = postSolution
		{C1AB6597-F212-4DAB-9255-FFA8077F6D1A}.Debug|Any CPU.ActiveCfg = Debug|Any CPU
		{C1AB6597-F212-4DAB-9255-FFA8077F6D1A}.Debug|Any CPU.Build.0 = Debug|Any CPU
		{C1AB6597-F212-4DAB-9255-FFA8077F6D1A}.Release|Any CPU.ActiveCfg = Release|Any CPU
		{C1AB6597-F212-4DAB-9255-FFA8077F6D1A}.Release|Any CPU.Build.0 = Release|Any CPU
	EndGlobalSection
EndGlobal
