
Microsoft Visual Studio Solution File, Format Version 12.00
Project("{FAE04EC0-301F-11D3-BF4B-00C04F79EFBC}") = "Problem - 271A - A. Beautiful Year", "Problem - 271A - A. Beautiful Year\Problem - 271A - A. Beautiful Year.csproj", "{ACFAB257-2EEF-4AFA-BB4D-795BB43F2522}"
EndProject
Global
	GlobalSection(SolutionConfigurationPlatforms) = preSolution
		Debug|Any CPU = Debug|Any CPU
		Release|Any CPU = Release|Any CPU
	EndGlobalSection
	GlobalSection(ProjectConfigurationPlatforms) = postSolution
		{ACFAB257-2EEF-4AFA-BB4D-795BB43F2522}.Debug|Any CPU.ActiveCfg = Debug|Any CPU
		{ACFAB257-2EEF-4AFA-BB4D-795BB43F2522}.Debug|Any CPU.Build.0 = Debug|Any CPU
		{ACFAB257-2EEF-4AFA-BB4D-795BB43F2522}.Release|Any CPU.ActiveCfg = Release|Any CPU
		{ACFAB257-2EEF-4AFA-BB4D-795BB43F2522}.Release|Any CPU.Build.0 = Release|Any CPU
	EndGlobalSection
EndGlobal
