
Microsoft Visual Studio Solution File, Format Version 12.00
Project("{FAE04EC0-301F-11D3-BF4B-00C04F79EFBC}") = "A. Way Too Long Words - Problem - 71A", "A. Way Too Long Words - Problem - 71A\A. Way Too Long Words - Problem - 71A.csproj", "{CA0B9694-094C-447D-A4AA-A02E3F9E7F7B}"
EndProject
Global
	GlobalSection(SolutionConfigurationPlatforms) = preSolution
		Debug|Any CPU = Debug|Any CPU
		Release|Any CPU = Release|Any CPU
	EndGlobalSection
	GlobalSection(ProjectConfigurationPlatforms) = postSolution
		{CA0B9694-094C-447D-A4AA-A02E3F9E7F7B}.Debug|Any CPU.ActiveCfg = Debug|Any CPU
		{CA0B9694-094C-447D-A4AA-A02E3F9E7F7B}.Debug|Any CPU.Build.0 = Debug|Any CPU
		{CA0B9694-094C-447D-A4AA-A02E3F9E7F7B}.Release|Any CPU.ActiveCfg = Release|Any CPU
		{CA0B9694-094C-447D-A4AA-A02E3F9E7F7B}.Release|Any CPU.Build.0 = Release|Any CPU
	EndGlobalSection
EndGlobal
