
Microsoft Visual Studio Solution File, Format Version 12.00
# Visual Studio Version 17
VisualStudioVersion = 17.3.32901.215
MinimumVisualStudioVersion = 10.0.40219.1
Project("{FAE04EC0-301F-11D3-BF4B-00C04F79EFBC}") = "A. Minimal Square - Problem - 1360A", "A. Minimal Square - Problem - 1360A\A. Minimal Square - Problem - 1360A.csproj", "{AE72A039-764E-4476-A5E7-B88EF5D7FDA4}"
EndProject
Global
	GlobalSection(SolutionConfigurationPlatforms) = preSolution
		Debug|Any CPU = Debug|Any CPU
		Release|Any CPU = Release|Any CPU
	EndGlobalSection
	GlobalSection(ProjectConfigurationPlatforms) = postSolution
		{AE72A039-764E-4476-A5E7-B88EF5D7FDA4}.Debug|Any CPU.ActiveCfg = Debug|Any CPU
		{AE72A039-764E-4476-A5E7-B88EF5D7FDA4}.Debug|Any CPU.Build.0 = Debug|Any CPU
		{AE72A039-764E-4476-A5E7-B88EF5D7FDA4}.Release|Any CPU.ActiveCfg = Release|Any CPU
		{AE72A039-764E-4476-A5E7-B88EF5D7FDA4}.Release|Any CPU.Build.0 = Release|Any CPU
	EndGlobalSection
	GlobalSection(SolutionProperties) = preSolution
		HideSolutionNode = FALSE
	EndGlobalSection
	GlobalSection(ExtensibilityGlobals) = postSolution
		SolutionGuid = {A4745E87-4A12-4F8D-8D13-F3BC36DA9E0F}
	EndGlobalSection
EndGlobal
