
Microsoft Visual Studio Solution File, Format Version 12.00
Project("{FAE04EC0-301F-11D3-BF4B-00C04F79EFBC}") = "Problem - 200B - B. Drinks", "Problem - 200B - B. Drinks\Problem - 200B - B. Drinks.csproj", "{51F6E5AF-43E2-408E-8114-6DC13808FBC1}"
EndProject
Global
	GlobalSection(SolutionConfigurationPlatforms) = preSolution
		Debug|Any CPU = Debug|Any CPU
		Release|Any CPU = Release|Any CPU
	EndGlobalSection
	GlobalSection(ProjectConfigurationPlatforms) = postSolution
		{51F6E5AF-43E2-408E-8114-6DC13808FBC1}.Debug|Any CPU.ActiveCfg = Debug|Any CPU
		{51F6E5AF-43E2-408E-8114-6DC13808FBC1}.Debug|Any CPU.Build.0 = Debug|Any CPU
		{51F6E5AF-43E2-408E-8114-6DC13808FBC1}.Release|Any CPU.ActiveCfg = Release|Any CPU
		{51F6E5AF-43E2-408E-8114-6DC13808FBC1}.Release|Any CPU.Build.0 = Release|Any CPU
	EndGlobalSection
EndGlobal
