
Microsoft Visual Studio Solution File, Format Version 12.00
# Visual Studio Version 17
VisualStudioVersion = 17.3.32901.215
MinimumVisualStudioVersion = 10.0.40219.1
Project("{FAE04EC0-301F-11D3-BF4B-00C04F79EFBC}") = "A. Brain's Photos - Problem - 707A", "A. Brain's Photos - Problem - 707A\A. Brain's Photos - Problem - 707A.csproj", "{FD55E3B2-5BB6-4E68-B8FF-2D7117F21F97}"
EndProject
Global
	GlobalSection(SolutionConfigurationPlatforms) = preSolution
		Debug|Any CPU = Debug|Any CPU
		Release|Any CPU = Release|Any CPU
	EndGlobalSection
	GlobalSection(ProjectConfigurationPlatforms) = postSolution
		{FD55E3B2-5BB6-4E68-B8FF-2D7117F21F97}.Debug|Any CPU.ActiveCfg = Debug|Any CPU
		{FD55E3B2-5BB6-4E68-B8FF-2D7117F21F97}.Debug|Any CPU.Build.0 = Debug|Any CPU
		{FD55E3B2-5BB6-4E68-B8FF-2D7117F21F97}.Release|Any CPU.ActiveCfg = Release|Any CPU
		{FD55E3B2-5BB6-4E68-B8FF-2D7117F21F97}.Release|Any CPU.Build.0 = Release|Any CPU
	EndGlobalSection
	GlobalSection(SolutionProperties) = preSolution
		HideSolutionNode = FALSE
	EndGlobalSection
	GlobalSection(ExtensibilityGlobals) = postSolution
		SolutionGuid = {E20F199C-69B4-4F34-A627-BABD8C13AB00}
	EndGlobalSection
EndGlobal
