
Microsoft Visual Studio Solution File, Format Version 12.00
Project("{FAE04EC0-301F-11D3-BF4B-00C04F79EFBC}") = "Problem - 486A - A. Calculating Function", "Problem - 486A - A. Calculating Function\Problem - 486A - A. Calculating Function.csproj", "{8DC4CADB-5DE0-437F-977B-405894CED21A}"
EndProject
Global
	GlobalSection(SolutionConfigurationPlatforms) = preSolution
		Debug|Any CPU = Debug|Any CPU
		Release|Any CPU = Release|Any CPU
	EndGlobalSection
	GlobalSection(ProjectConfigurationPlatforms) = postSolution
		{8DC4CADB-5DE0-437F-977B-405894CED21A}.Debug|Any CPU.ActiveCfg = Debug|Any CPU
		{8DC4CADB-5DE0-437F-977B-405894CED21A}.Debug|Any CPU.Build.0 = Debug|Any CPU
		{8DC4CADB-5DE0-437F-977B-405894CED21A}.Release|Any CPU.ActiveCfg = Release|Any CPU
		{8DC4CADB-5DE0-437F-977B-405894CED21A}.Release|Any CPU.Build.0 = Release|Any CPU
	EndGlobalSection
EndGlobal
