
Microsoft Visual Studio Solution File, Format Version 12.00
Project("{FAE04EC0-301F-11D3-BF4B-00C04F79EFBC}") = "Problem - 1141A - A. Game 23", "Problem - 1141A - A. Game 23\Problem - 1141A - A. Game 23.csproj", "{1B17C327-0551-40C6-A96E-AA19B47EEAEE}"
EndProject
Global
	GlobalSection(SolutionConfigurationPlatforms) = preSolution
		Debug|Any CPU = Debug|Any CPU
		Release|Any CPU = Release|Any CPU
	EndGlobalSection
	GlobalSection(ProjectConfigurationPlatforms) = postSolution
		{1B17C327-0551-40C6-A96E-AA19B47EEAEE}.Debug|Any CPU.ActiveCfg = Debug|Any CPU
		{1B17C327-0551-40C6-A96E-AA19B47EEAEE}.Debug|Any CPU.Build.0 = Debug|Any CPU
		{1B17C327-0551-40C6-A96E-AA19B47EEAEE}.Release|Any CPU.ActiveCfg = Release|Any CPU
		{1B17C327-0551-40C6-A96E-AA19B47EEAEE}.Release|Any CPU.Build.0 = Release|Any CPU
	EndGlobalSection
EndGlobal
