
Microsoft Visual Studio Solution File, Format Version 12.00
Project("{FAE04EC0-301F-11D3-BF4B-00C04F79EFBC}") = "Problem - 122A - A. HQ9Plus", "Problem - 122A - A. HQ9Plus\Problem - 122A - A. HQ9Plus.csproj", "{6AE02D65-9EE6-4A7B-942C-1D6FFF25D645}"
EndProject
Global
	GlobalSection(SolutionConfigurationPlatforms) = preSolution
		Debug|Any CPU = Debug|Any CPU
		Release|Any CPU = Release|Any CPU
	EndGlobalSection
	GlobalSection(ProjectConfigurationPlatforms) = postSolution
		{6AE02D65-9EE6-4A7B-942C-1D6FFF25D645}.Debug|Any CPU.ActiveCfg = Debug|Any CPU
		{6AE02D65-9EE6-4A7B-942C-1D6FFF25D645}.Debug|Any CPU.Build.0 = Debug|Any CPU
		{6AE02D65-9EE6-4A7B-942C-1D6FFF25D645}.Release|Any CPU.ActiveCfg = Release|Any CPU
		{6AE02D65-9EE6-4A7B-942C-1D6FFF25D645}.Release|Any CPU.Build.0 = Release|Any CPU
	EndGlobalSection
EndGlobal
