
Microsoft Visual Studio Solution File, Format Version 12.00
Project("{FAE04EC0-301F-11D3-BF4B-00C04F79EFBC}") = "A. Wrong Subtraction - Problem - 977A", "A. Wrong Subtraction - Problem - 977A\A. Wrong Subtraction - Problem - 977A.csproj", "{7E15A077-B834-4213-9D4C-68A78A856F7E}"
EndProject
Global
	GlobalSection(SolutionConfigurationPlatforms) = preSolution
		Debug|Any CPU = Debug|Any CPU
		Release|Any CPU = Release|Any CPU
	EndGlobalSection
	GlobalSection(ProjectConfigurationPlatforms) = postSolution
		{7E15A077-B834-4213-9D4C-68A78A856F7E}.Debug|Any CPU.ActiveCfg = Debug|Any CPU
		{7E15A077-B834-4213-9D4C-68A78A856F7E}.Debug|Any CPU.Build.0 = Debug|Any CPU
		{7E15A077-B834-4213-9D4C-68A78A856F7E}.Release|Any CPU.ActiveCfg = Release|Any CPU
		{7E15A077-B834-4213-9D4C-68A78A856F7E}.Release|Any CPU.Build.0 = Release|Any CPU
	EndGlobalSection
EndGlobal
