
Microsoft Visual Studio Solution File, Format Version 12.00
Project("{FAE04EC0-301F-11D3-BF4B-00C04F79EFBC}") = "A. String Task - Problem - 118A", "A. String Task - Problem - 118A\A. String Task - Problem - 118A.csproj", "{01010A3A-FE4F-47CC-BF03-2337CAE19447}"
EndProject
Global
	GlobalSection(SolutionConfigurationPlatforms) = preSolution
		Debug|Any CPU = Debug|Any CPU
		Release|Any CPU = Release|Any CPU
	EndGlobalSection
	GlobalSection(ProjectConfigurationPlatforms) = postSolution
		{01010A3A-FE4F-47CC-BF03-2337CAE19447}.Debug|Any CPU.ActiveCfg = Debug|Any CPU
		{01010A3A-FE4F-47CC-BF03-2337CAE19447}.Debug|Any CPU.Build.0 = Debug|Any CPU
		{01010A3A-FE4F-47CC-BF03-2337CAE19447}.Release|Any CPU.ActiveCfg = Release|Any CPU
		{01010A3A-FE4F-47CC-BF03-2337CAE19447}.Release|Any CPU.Build.0 = Release|Any CPU
	EndGlobalSection
EndGlobal
